// !$*UTF8*$!
{
	archiveVersion = 1;
	classes = {
	};
	objectVersion = 46;
	objects = {

/* Begin PBXBuildFile section */
		4936957D1FA2EE4A0035D8A5 /* AppDelegate.swift in Sources */ = {isa = PBXBuildFile; fileRef = 4936957C1FA2EE4A0035D8A5 /* AppDelegate.swift */; };
		4936957F1FA2EE4A0035D8A5 /* ViewController.swift in Sources */ = {isa = PBXBuildFile; fileRef = 4936957E1FA2EE4A0035D8A5 /* ViewController.swift */; };
		493695821FA2EE4A0035D8A5 /* Main.storyboard in Resources */ = {isa = PBXBuildFile; fileRef = 493695801FA2EE4A0035D8A5 /* Main.storyboard */; };
		493695841FA2EE4A0035D8A5 /* Assets.xcassets in Resources */ = {isa = PBXBuildFile; fileRef = 493695831FA2EE4A0035D8A5 /* Assets.xcassets */; };
		493695871FA2EE4A0035D8A5 /* LaunchScreen.storyboard in Resources */ = {isa = PBXBuildFile; fileRef = 493695851FA2EE4A0035D8A5 /* LaunchScreen.storyboard */; };
/* End PBXBuildFile section */

/* Begin PBXFileReference section */
		493695791FA2EE4A0035D8A5 /* Cat Years Calculator.app */ = {isa = PBXFileReference; explicitFileType = wrapper.application; includeInIndex = 0; path = "Cat Years Calculator.app"; sourceTree = BUILT_PRODUCTS_DIR; };
		4936957C1FA2EE4A0035D8A5 /* AppDelegate.swift */ = {isa = PBXFileReference; lastKnownFileType = sourcecode.swift; path = AppDelegate.swift; sourceTree = "<group>"; };
		4936957E1FA2EE4A0035D8A5 /* ViewController.swift */ = {isa = PBXFileReference; lastKnownFileType = sourcecode.swift; path = ViewController.swift; sourceTree = "<group>"; };
		493695811FA2EE4A0035D8A5 /* Base */ = {isa = PBXFileReference; lastKnownFileType = file.storyboard; name = Base; path = Base.lproj/Main.storyboard; sourceTree = "<group>"; };
		493695831FA2EE4A0035D8A5 /* Assets.xcassets */ = {isa = PBXFileReference; lastKnownFileType = folder.assetcatalog; path = Assets.xcassets; sourceTree = "<group>"; };
		493695861FA2EE4A0035D8A5 /* Base */ = {isa = PBXFileReference; lastKnownFileType = file.storyboard; name = Base; path = Base.lproj/LaunchScreen.storyboard; sourceTree = "<group>"; };
		493695881FA2EE4A0035D8A5 /* Info.plist */ = {isa = PBXFileReference; lastKnownFileType = text.plist.xml; path = Info.plist; sourceTree = "<group>"; };
/* End PBXFileReference section */

/* Begin PBXFrameworksBuildPhase section */
		493695761FA2EE4A0035D8A5 /* Frameworks */ = {
			isa = PBXFrameworksBuildPhase;
			buildActionMask = 2147483647;
			files = (
			);
			runOnlyForDeploymentPostprocessing = 0;
		};
/* End PBXFrameworksBuildPhase section */

/* Begin PBXGroup section */
		493695701FA2EE4A0035D8A5 = {
			isa = PBXGroup;
			children = (
				4936957B1FA2EE4A0035D8A5 /* Cat Years Calculator */,
				4936957A1FA2EE4A0035D8A5 /* Products */,
			);
			sourceTree = "<group>";
		};
		4936957A1FA2EE4A0035D8A5 /* Products */ = {
			isa = PBXGroup;
			children = (
				493695791FA2EE4A0035D8A5 /* Cat Years Calculator.app */,
			);
			name = Products;
			sourceTree = "<group>";
		};
		4936957B1FA2EE4A0035D8A5 /* Cat Years Calculator */ = {
			isa = PBXGroup;
			children = (
				4936957C1FA2EE4A0035D8A5 /* AppDelegate.swift */,
				4936957E1FA2EE4A0035D8A5 /* ViewController.swift */,
				493695801FA2EE4A0035D8A5 /* Main.storyboard */,
				493695831FA2EE4A0035D8A5 /* Assets.xcassets */,
				493695851FA2EE4A0035D8A5 /* LaunchScreen.storyboard */,
				493695881FA2EE4A0035D8A5 /* Info.plist */,
			);
			path = "Cat Years Calculator";
			sourceTree = "<group>";
		};
/* End PBXGroup section */

/* Begin PBXNativeTarget section */
		493695781FA2EE4A0035D8A5 /* Cat Years Calculator */ = {
			isa = PBXNativeTarget;
			buildConfigurationList = 4936958B1FA2EE4A0035D8A5 /* Build configuration list for PBXNativeTarget "Cat Years Calculator" */;
			buildPhases = (
				493695751FA2EE4A0035D8A5 /* Sources */,
				493695761FA2EE4A0035D8A5 /* Frameworks */,
				493695771FA2EE4A0035D8A5 /* Resources */,
			);
			buildRules = (
			);
			dependencies = (
			);
			name = "Cat Years Calculator";
			productName = "Cat Years Calculator";
			productReference = 493695791FA2EE4A0035D8A5 /* Cat Years Calculator.app */;
			productType = "com.apple.product-type.application";
		};
/* End PBXNativeTarget section */

/* Begin PBXProject section */
		493695711FA2EE4A0035D8A5 /* Project object */ = {
			isa = PBXProject;
			attributes = {
				LastSwiftUpdateCheck = 0830;
				LastUpgradeCheck = 0830;
				ORGANIZATIONNAME = "Shaurya Sood";
				TargetAttributes = {
					493695781FA2EE4A0035D8A5 = {
						CreatedOnToolsVersion = 8.3.3;
						ProvisioningStyle = Automatic;
					};
				};
			};
			buildConfigurationList = 493695741FA2EE4A0035D8A5 /* Build configuration list for PBXProject "Cat Years Calculator" */;
			compatibilityVersion = "Xcode 3.2";
			developmentRegion = English;
			hasScannedForEncodings = 0;
			knownRegions = (
				en,
				Base,
			);
			mainGroup = 493695701FA2EE4A0035D8A5;
			productRefGroup = 4936957A1FA2EE4A0035D8A5 /* Products */;
			projectDirPath = "";
			projectRoot = "";
			targets = (
				493695781FA2EE4A0035D8A5 /* Cat Years Calculator */,
			);
		};
/* End PBXProject section */

/* Begin PBXResourcesBuildPhase section */
		493695771FA2EE4A0035D8A5 /* Resources */ = {
			isa = PBXResourcesBuildPhase;
			buildActionMask = 2147483647;
			files = (
				493695871FA2EE4A0035D8A5 /* LaunchScreen.storyboard in Resources */,
				493695841FA2EE4A0035D8A5 /* Assets.xcassets in Resources */,
				493695821FA2EE4A0035D8A5 /* Main.storyboard in Resources */,
			);
			runOnlyForDeploymentPostprocessing = 0;
		};
/* End PBXResourcesBuildPhase section */

/* Begin PBXSourcesBuildPhase section */
		493695751FA2EE4A0035D8A5 /* Sources */ = {
			isa = PBXSourcesBuildPhase;
			buildActionMask = 2147483647;
			files = (
				4936957F1FA2EE4A0035D8A5 /* ViewController.swift in Sources */,
				4936957D1FA2EE4A0035D8A5 /* AppDelegate.swift in Sources */,
			);
			runOnlyForDeploymentPostprocessing = 0;
		};
/* End PBXSourcesBuildPhase section */

/* Begin PBXVariantGroup section */
		493695801FA2EE4A0035D8A5 /* Main.storyboard */ = {
			isa = PBXVariantGroup;
			children = (
				493695811FA2EE4A0035D8A5 /* Base */,
			);
			name = Main.storyboard;
			sourceTree = "<group>";
		};
		493695851FA2EE4A0035D8A5 /* LaunchScreen.storyboard */ = {
			isa = PBXVariantGroup;
			children = (
				493695861FA2EE4A0035D8A5 /* Base */,
			);
			name = LaunchScreen.storyboard;
			sourceTree = "<group>";
		};
/* End PBXVariantGroup section */

/* Begin XCBuildConfiguration section */
		493695891FA2EE4A0035D8A5 /* Debug */ = {
			isa = XCBuildConfiguration;
			buildSettings = {
				ALWAYS_SEARCH_USER_PATHS = NO;
				CLANG_ANALYZER_NONNULL = YES;
				CLANG_ANALYZER_NUMBER_OBJECT_CONVERSION = YES_AGGRESSIVE;
				CLANG_CXX_LANGUAGE_STANDARD = "gnu++0x";
				CLANG_CXX_LIBRARY = "libc++";
				CLANG_ENABLE_MODULES = YES;
				CLANG_ENABLE_OBJC_ARC = YES;
				CLANG_WARN_BOOL_CONVERSION = YES;
				CLANG_WARN_CONSTANT_CONVERSION = YES;
				CLANG_WARN_DIRECT_OBJC_ISA_USAGE = YES_ERROR;
				CLANG_WARN_DOCUMENTATION_COMMENTS = YES;
				CLANG_WARN_EMPTY_BODY = YES;
				CLANG_WARN_ENUM_CONVERSION = YES;
				CLANG_WARN_INFINITE_RECURSION = YES;
				CLANG_WARN_INT_CONVERSION = YES;
				CLANG_WARN_OBJC_ROOT_CLASS = YES_ERROR;
				CLANG_WARN_SUSPICIOUS_MOVE = YES;
				CLANG_WARN_UNREACHABLE_CODE = YES;
				CLANG_WARN__DUPLICATE_METHOD_MATCH = YES;
				"CODE_SIGN_IDENTITY[sdk=iphoneos*]" = "iPhone Developer";
				COPY_PHASE_STRIP = NO;
				DEBUG_INFORMATION_FORMAT = dwarf;
				ENABLE_STRICT_OBJC_MSGSEND = YES;
				ENABLE_TESTABILITY = YES;
				GCC_C_LANGUAGE_STANDARD = gnu99;
				GCC_DYNAMIC_NO_PIC = NO;
				GCC_NO_COMMON_BLOCKS = YES;
				GCC_OPTIMIZATION_LEVEL = 0;
				GCC_PREPROCESSOR_DEFINITIONS = (
					"DEBUG=1",
					"$(inherited)",
				);
				GCC_WARN_64_TO_32_BIT_CONVERSION = YES;
				GCC_WARN_ABOUT_RETURN_TYPE = YES_ERROR;
				GCC_WARN_UNDECLARED_SELECTOR = YES;
				GCC_WARN_UNINITIALIZED_AUTOS = YES_AGGRESSIVE;
				GCC_WARN_UNUSED_FUNCTION = YES;
				GCC_WARN_UNUSED_VARIABLE = YES;
				IPHONEOS_DEPLOYMENT_TARGET = 10.3;
				MTL_ENABLE_DEBUG_INFO = YES;
				ONLY_ACTIVE_ARCH = YES;
				SDKROOT = iphoneos;
				SWIFT_ACTIVE_COMPILATION_CONDITIONS = DEBUG;
				SWIFT_OPTIMIZATION_LEVEL = "-Onone";
			};
			name = Debug;
		};
		4936958A1FA2EE4A0035D8A5 /* Release */ = {
			isa = XCBuildConfiguration;
			buildSettings = {
				ALWAYS_SEARCH_USER_PATHS = NO;
				CLANG_ANALYZER_NONNULL = YES;
				CLANG_ANALYZER_NUMBER_OBJECT_CONVERSION = YES_AGGRESSIVE;
				CLANG_CXX_LANGUAGE_STANDARD = "gnu++0x";
				CLANG_CXX_LIBRARY = "libc++";
				CLANG_ENABLE_MODULES = YES;
				CLANG_ENABLE_OBJC_ARC = YES;
				CLANG_WARN_BOOL_CONVERSION = YES;
				CLANG_WARN_CONSTANT_CONVERSION = YES;
				CLANG_WARN_DIRECT_OBJC_ISA_USAGE = YES_ERROR;
				CLANG_WARN_DOCUMENTATION_COMMENTS = YES;
				CLANG_WARN_EMPTY_BODY = YES;
				CLANG_WARN_ENUM_CONVERSION = YES;
				CLANG_WARN_INFINITE_RECURSION = YES;
				CLANG_WARN_INT_CONVERSION = YES;
				CLANG_WARN_OBJC_ROOT_CLASS = YES_ERROR;
				CLANG_WARN_SUSPICIOUS_MOVE = YES;
				CLANG_WARN_UNREACHABLE_CODE = YES;
				CLANG_WARN__DUPLICATE_METHOD_MATCH = YES;
				"CODE_SIGN_IDENTITY[sdk=iphoneos*]" = "iPhone Developer";
				COPY_PHASE_STRIP = NO;
				DEBUG_INFORMATION_FORMAT = "dwarf-with-dsym";
				ENABLE_NS_ASSERTIONS = NO;
				ENABLE_STRICT_OBJC_MSGSEND = YES;
				GCC_C_LANGUAGE_STANDARD = gnu99;
				GCC_NO_COMMON_BLOCKS = YES;
				GCC_WARN_64_TO_32_BIT_CONVERSION = YES;
				GCC_WARN_ABOUT_RETURN_TYPE = YES_ERROR;
				GCC_WARN_UNDECLARED_SELECTOR = YES;
				GCC_WARN_UNINITIALIZED_AUTOS = YES_AGGRESSIVE;
				GCC_WARN_UNUSED_FUNCTION = YES;
				GCC_WARN_UNUSED_VARIABLE = YES;
				IPHONEOS_DEPLOYMENT_TARGET = 10.3;
				MTL_ENABLE_DEBUG_INFO = NO;
				SDKROOT = iphoneos;
				SWIFT_OPTIMIZATION_LEVEL = "-Owholemodule";
				VALIDATE_PRODUCT = YES;
			};
			name = Release;
		};
		4936958C1FA2EE4A0035D8A5 /* Debug */ = {
			isa = XCBuildConfiguration;
			buildSettings = {
				ASSETCATALOG_COMPILER_APPICON_NAME = AppIcon;
				INFOPLIST_FILE = "Cat Years Calculator/Info.plist";
				LD_RUNPATH_SEARCH_PATHS = "$(inherited) @executable_path/Frameworks";
				PRODUCT_BUNDLE_IDENTIFIER = "com.shauryasood.Cat-Years-Calculator";
				PRODUCT_NAME = "$(TARGET_NAME)";
				SWIFT_VERSION = 3.0;
			};
			name = Debug;
		};
		4936958D1FA2EE4A0035D8A5 /* Release */ = {
			isa = XCBuildConfiguration;
			buildSettings = {
				ASSETCATALOG_COMPILER_APPICON_NAME = AppIcon;
				INFOPLIST_FILE = "Cat Years Calculator/Info.plist";
				LD_RUNPATH_SEARCH_PATHS = "$(inherited) @executable_path/Frameworks";
				PRODUCT_BUNDLE_IDENTIFIER = "com.shauryasood.Cat-Years-Calculator";
				PRODUCT_NAME = "$(TARGET_NAME)";
				SWIFT_VERSION = 3.0;
			};
			name = Release;
		};
/* End XCBuildConfiguration section */

/* Begin XCConfigurationList section */
		493695741FA2EE4A0035D8A5 /* Build configuration list for PBXProject "Cat Years Calculator" */ = {
			isa = XCConfigurationList;
			buildConfigurations = (
				493695891FA2EE4A0035D8A5 /* Debug */,
				4936958A1FA2EE4A0035D8A5 /* Release */,
			);
			defaultConfigurationIsVisible = 0;
			defaultConfigurationName = Release;
		};
		4936958B1FA2EE4A0035D8A5 /* Build configuration list for PBXNativeTarget "Cat Years Calculator" */ = {
			isa = XCConfigurationList;
			buildConfigurations = (
				4936958C1FA2EE4A0035D8A5 /* Debug */,
				4936958D1FA2EE4A0035D8A5 /* Release */,
			);
			defaultConfigurationIsVisible = 0;
		};
/* End XCConfigurationList section */
	};
	rootObject = 493695711FA2EE4A0035D8A5 /* Project object */;
}
